// !$*UTF8*$!
{
	archiveVersion = 1;
	classes = {
	};
	objectVersion = 50;
	objects = {

/* Begin PBXBuildFile section */
		4343CC702113F3EC0082456A /* AppDelegate.swift in Sources */ = {isa = PBXBuildFile; fileRef = 4343CC6F2113F3EC0082456A /* AppDelegate.swift */; };
		4343CC722113F3EC0082456A /* BeforePayController.swift in Sources */ = {isa = PBXBuildFile; fileRef = 4343CC712113F3EC0082456A /* BeforePayController.swift */; };
		4343CC752113F3EC0082456A /* Main.storyboard in Resources */ = {isa = PBXBuildFile; fileRef = 4343CC732113F3EC0082456A /* Main.storyboard */; };
		4343CC772113F3EF0082456A /* Assets.xcassets in Resources */ = {isa = PBXBuildFile; fileRef = 4343CC762113F3EF0082456A /* Assets.xcassets */; };
		4343CC7A2113F3EF0082456A /* LaunchScreen.storyboard in Resources */ = {isa = PBXBuildFile; fileRef = 4343CC782113F3EF0082456A /* LaunchScreen.storyboard */; };
		4343CC852113F3EF0082456A /* paySample_swiftTests.swift in Sources */ = {isa = PBXBuildFile; fileRef = 4343CC842113F3EF0082456A /* paySample_swiftTests.swift */; };
		4343CC902113F3EF0082456A /* paySample_swiftUITests.swift in Sources */ = {isa = PBXBuildFile; fileRef = 4343CC8F2113F3EF0082456A /* paySample_swiftUITests.swift */; };
		4343CC9F211412470082456A /* AfterPayController.swift in Sources */ = {isa = PBXBuildFile; fileRef = 4343CC9E211412470082456A /* AfterPayController.swift */; };
/* End PBXBuildFile section */

/* Begin PBXContainerItemProxy section */
		4343CC812113F3EF0082456A /* PBXContainerItemProxy */ = {
			isa = PBXContainerItemProxy;
			containerPortal = 4343CC642113F3EC0082456A /* Project object */;
			proxyType = 1;
			remoteGlobalIDString = 4343CC6B2113F3EC0082456A;
			remoteInfo = "paySample-swift";
		};
		4343CC8C2113F3EF0082456A /* PBXContainerItemProxy */ = {
			isa = PBXContainerItemProxy;
			containerPortal = 4343CC642113F3EC0082456A /* Project object */;
			proxyType = 1;
			remoteGlobalIDString = 4343CC6B2113F3EC0082456A;
			remoteInfo = "paySample-swift";
		};
/* End PBXContainerItemProxy section */

/* Begin PBXFileReference section */
		4343CC6C2113F3EC0082456A /* paySample-swift.app */ = {isa = PBXFileReference; explicitFileType = wrapper.application; includeInIndex = 0; path = "paySample-swift.app"; sourceTree = BUILT_PRODUCTS_DIR; };
		4343CC6F2113F3EC0082456A /* AppDelegate.swift */ = {isa = PBXFileReference; lastKnownFileType = sourcecode.swift; path = AppDelegate.swift; sourceTree = "<group>"; };
		4343CC712113F3EC0082456A /* BeforePayController.swift */ = {isa = PBXFileReference; lastKnownFileType = sourcecode.swift; path = BeforePayController.swift; sourceTree = "<group>"; };
		4343CC742113F3EC0082456A /* Base */ = {isa = PBXFileReference; lastKnownFileType = file.storyboard; name = Base; path = Base.lproj/Main.storyboard; sourceTree = "<group>"; };
		4343CC762113F3EF0082456A /* Assets.xcassets */ = {isa = PBXFileReference; lastKnownFileType = folder.assetcatalog; path = Assets.xcassets; sourceTree = "<group>"; };
		4343CC792113F3EF0082456A /* Base */ = {isa = PBXFileReference; lastKnownFileType = file.storyboard; name = Base; path = Base.lproj/LaunchScreen.storyboard; sourceTree = "<group>"; };
		4343CC7B2113F3EF0082456A /* Info.plist */ = {isa = PBXFileReference; lastKnownFileType = text.plist.xml; path = Info.plist; sourceTree = "<group>"; };
		4343CC802113F3EF0082456A /* paySample-swiftTests.xctest */ = {isa = PBXFileReference; explicitFileType = wrapper.cfbundle; includeInIndex = 0; path = "paySample-swiftTests.xctest"; sourceTree = BUILT_PRODUCTS_DIR; };
		4343CC842113F3EF0082456A /* paySample_swiftTests.swift */ = {isa = PBXFileReference; lastKnownFileType = sourcecode.swift; path = paySample_swiftTests.swift; sourceTree = "<group>"; };
		4343CC862113F3EF0082456A /* Info.plist */ = {isa = PBXFileReference; lastKnownFileType = text.plist.xml; path = Info.plist; sourceTree = "<group>"; };
		4343CC8B2113F3EF0082456A /* paySample-swiftUITests.xctest */ = {isa = PBXFileReference; explicitFileType = wrapper.cfbundle; includeInIndex = 0; path = "paySample-swiftUITests.xctest"; sourceTree = BUILT_PRODUCTS_DIR; };
		4343CC8F2113F3EF0082456A /* paySample_swiftUITests.swift */ = {isa = PBXFileReference; lastKnownFileType = sourcecode.swift; path = paySample_swiftUITests.swift; sourceTree = "<group>"; };
		4343CC912113F3EF0082456A /* Info.plist */ = {isa = PBXFileReference; lastKnownFileType = text.plist.xml; path = Info.plist; sourceTree = "<group>"; };
		4343CC9E211412470082456A /* AfterPayController.swift */ = {isa = PBXFileReference; lastKnownFileType = sourcecode.swift; path = AfterPayController.swift; sourceTree = "<group>"; };
/* End PBXFileReference section */

/* Begin PBXFrameworksBuildPhase section */
		4343CC692113F3EC0082456A /* Frameworks */ = {
			isa = PBXFrameworksBuildPhase;
			buildActionMask = 2147483647;
			files = (
			);
			runOnlyForDeploymentPostprocessing = 0;
		};
		4343CC7D2113F3EF0082456A /* Frameworks */ = {
			isa = PBXFrameworksBuildPhase;
			buildActionMask = 2147483647;
			files = (
			);
			runOnlyForDeploymentPostprocessing = 0;
		};
		4343CC882113F3EF0082456A /* Frameworks */ = {
			isa = PBXFrameworksBuildPhase;
			buildActionMask = 2147483647;
			files = (
			);
			runOnlyForDeploymentPostprocessing = 0;
		};
/* End PBXFrameworksBuildPhase section */

/* Begin PBXGroup section */
		4343CC632113F3EC0082456A = {
			isa = PBXGroup;
			children = (
				4343CC6E2113F3EC0082456A /* paySample-swift */,
				4343CC832113F3EF0082456A /* paySample-swiftTests */,
				4343CC8E2113F3EF0082456A /* paySample-swiftUITests */,
				4343CC6D2113F3EC0082456A /* Products */,
			);
			sourceTree = "<group>";
		};
		4343CC6D2113F3EC0082456A /* Products */ = {
			isa = PBXGroup;
			children = (
				4343CC6C2113F3EC0082456A /* paySample-swift.app */,
				4343CC802113F3EF0082456A /* paySample-swiftTests.xctest */,
				4343CC8B2113F3EF0082456A /* paySample-swiftUITests.xctest */,
			);
			name = Products;
			sourceTree = "<group>";
		};
		4343CC6E2113F3EC0082456A /* paySample-swift */ = {
			isa = PBXGroup;
			children = (
				4343CC9D211411DD0082456A /* Controller */,
				4343CC6F2113F3EC0082456A /* AppDelegate.swift */,
				4343CC732113F3EC0082456A /* Main.storyboard */,
				4343CC762113F3EF0082456A /* Assets.xcassets */,
				4343CC782113F3EF0082456A /* LaunchScreen.storyboard */,
				4343CC7B2113F3EF0082456A /* Info.plist */,
			);
			path = "paySample-swift";
			sourceTree = "<group>";
		};
		4343CC832113F3EF0082456A /* paySample-swiftTests */ = {
			isa = PBXGroup;
			children = (
				4343CC842113F3EF0082456A /* paySample_swiftTests.swift */,
				4343CC862113F3EF0082456A /* Info.plist */,
			);
			path = "paySample-swiftTests";
			sourceTree = "<group>";
		};
		4343CC8E2113F3EF0082456A /* paySample-swiftUITests */ = {
			isa = PBXGroup;
			children = (
				4343CC8F2113F3EF0082456A /* paySample_swiftUITests.swift */,
				4343CC912113F3EF0082456A /* Info.plist */,
			);
			path = "paySample-swiftUITests";
			sourceTree = "<group>";
		};
		4343CC9D211411DD0082456A /* Controller */ = {
			isa = PBXGroup;
			children = (
				4343CC712113F3EC0082456A /* BeforePayController.swift */,
				4343CC9E211412470082456A /* AfterPayController.swift */,
			);
			path = Controller;
			sourceTree = "<group>";
		};
/* End PBXGroup section */

/* Begin PBXNativeTarget section */
		4343CC6B2113F3EC0082456A /* paySample-swift */ = {
			isa = PBXNativeTarget;
			buildConfigurationList = 4343CC942113F3EF0082456A /* Build configuration list for PBXNativeTarget "paySample-swift" */;
			buildPhases = (
				4343CC682113F3EC0082456A /* Sources */,
				4343CC692113F3EC0082456A /* Frameworks */,
				4343CC6A2113F3EC0082456A /* Resources */,
			);
			buildRules = (
			);
			dependencies = (
			);
			name = "paySample-swift";
			productName = "paySample-swift";
			productReference = 4343CC6C2113F3EC0082456A /* paySample-swift.app */;
			productType = "com.apple.product-type.application";
		};
		4343CC7F2113F3EF0082456A /* paySample-swiftTests */ = {
			isa = PBXNativeTarget;
			buildConfigurationList = 4343CC972113F3EF0082456A /* Build configuration list for PBXNativeTarget "paySample-swiftTests" */;
			buildPhases = (
				4343CC7C2113F3EF0082456A /* Sources */,
				4343CC7D2113F3EF0082456A /* Frameworks */,
				4343CC7E2113F3EF0082456A /* Resources */,
			);
			buildRules = (
			);
			dependencies = (
				4343CC822113F3EF0082456A /* PBXTargetDependency */,
			);
			name = "paySample-swiftTests";
			productName = "paySample-swiftTests";
			productReference = 4343CC802113F3EF0082456A /* paySample-swiftTests.xctest */;
			productType = "com.apple.product-type.bundle.unit-test";
		};
		4343CC8A2113F3EF0082456A /* paySample-swiftUITests */ = {
			isa = PBXNativeTarget;
			buildConfigurationList = 4343CC9A2113F3EF0082456A /* Build configuration list for PBXNativeTarget "paySample-swiftUITests" */;
			buildPhases = (
				4343CC872113F3EF0082456A /* Sources */,
				4343CC882113F3EF0082456A /* Frameworks */,
				4343CC892113F3EF0082456A /* Resources */,
			);
			buildRules = (
			);
			dependencies = (
				4343CC8D2113F3EF0082456A /* PBXTargetDependency */,
			);
			name = "paySample-swiftUITests";
			productName = "paySample-swiftUITests";
			productReference = 4343CC8B2113F3EF0082456A /* paySample-swiftUITests.xctest */;
			productType = "com.apple.product-type.bundle.ui-testing";
		};
/* End PBXNativeTarget section */

/* Begin PBXProject section */
		4343CC642113F3EC0082456A /* Project object */ = {
			isa = PBXProject;
			attributes = {
				KnownAssetTags = (
					tempWebView,
				);
				LastSwiftUpdateCheck = 0940;
				LastUpgradeCheck = 0940;
				ORGANIZATIONNAME = "서정현";
				TargetAttributes = {
					4343CC6B2113F3EC0082456A = {
						CreatedOnToolsVersion = 9.4.1;
					};
					4343CC7F2113F3EF0082456A = {
						CreatedOnToolsVersion = 9.4.1;
						TestTargetID = 4343CC6B2113F3EC0082456A;
					};
					4343CC8A2113F3EF0082456A = {
						CreatedOnToolsVersion = 9.4.1;
						TestTargetID = 4343CC6B2113F3EC0082456A;
					};
				};
			};
			buildConfigurationList = 4343CC672113F3EC0082456A /* Build configuration list for PBXProject "paySample-swift" */;
			compatibilityVersion = "Xcode 9.3";
			developmentRegion = en;
			hasScannedForEncodings = 0;
			knownRegions = (
				en,
				Base,
			);
			mainGroup = 4343CC632113F3EC0082456A;
			productRefGroup = 4343CC6D2113F3EC0082456A /* Products */;
			projectDirPath = "";
			projectRoot = "";
			targets = (
				4343CC6B2113F3EC0082456A /* paySample-swift */,
				4343CC7F2113F3EF0082456A /* paySample-swiftTests */,
				4343CC8A2113F3EF0082456A /* paySample-swiftUITests */,
			);
		};
/* End PBXProject section */

/* Begin PBXResourcesBuildPhase section */
		4343CC6A2113F3EC0082456A /* Resources */ = {
			isa = PBXResourcesBuildPhase;
			buildActionMask = 2147483647;
			files = (
				4343CC7A2113F3EF0082456A /* LaunchScreen.storyboard in Resources */,
				4343CC772113F3EF0082456A /* Assets.xcassets in Resources */,
				4343CC752113F3EC0082456A /* Main.storyboard in Resources */,
			);
			runOnlyForDeploymentPostprocessing = 0;
		};
		4343CC7E2113F3EF0082456A /* Resources */ = {
			isa = PBXResourcesBuildPhase;
			buildActionMask = 2147483647;
			files = (
			);
			runOnlyForDeploymentPostprocessing = 0;
		};
		4343CC892113F3EF0082456A /* Resources */ = {
			isa = PBXResourcesBuildPhase;
			buildActionMask = 2147483647;
			files = (
			);
			runOnlyForDeploymentPostprocessing = 0;
		};
/* End PBXResourcesBuildPhase section */

/* Begin PBXSourcesBuildPhase section */
		4343CC682113F3EC0082456A /* Sources */ = {
			isa = PBXSourcesBuildPhase;
			buildActionMask = 2147483647;
			files = (
				4343CC722113F3EC0082456A /* BeforePayController.swift in Sources */,
				4343CC702113F3EC0082456A /* AppDelegate.swift in Sources */,
				4343CC9F211412470082456A /* AfterPayController.swift in Sources */,
			);
			runOnlyForDeploymentPostprocessing = 0;
		};
		4343CC7C2113F3EF0082456A /* Sources */ = {
			isa = PBXSourcesBuildPhase;
			buildActionMask = 2147483647;
			files = (
				4343CC852113F3EF0082456A /* paySample_swiftTests.swift in Sources */,
			);
			runOnlyForDeploymentPostprocessing = 0;
		};
		4343CC872113F3EF0082456A /* Sources */ = {
			isa = PBXSourcesBuildPhase;
			buildActionMask = 2147483647;
			files = (
				4343CC902113F3EF0082456A /* paySample_swiftUITests.swift in Sources */,
			);
			runOnlyForDeploymentPostprocessing = 0;
		};
/* End PBXSourcesBuildPhase section */

/* Begin PBXTargetDependency section */
		4343CC822113F3EF0082456A /* PBXTargetDependency */ = {
			isa = PBXTargetDependency;
			target = 4343CC6B2113F3EC0082456A /* paySample-swift */;
			targetProxy = 4343CC812113F3EF0082456A /* PBXContainerItemProxy */;
		};
		4343CC8D2113F3EF0082456A /* PBXTargetDependency */ = {
			isa = PBXTargetDependency;
			target = 4343CC6B2113F3EC0082456A /* paySample-swift */;
			targetProxy = 4343CC8C2113F3EF0082456A /* PBXContainerItemProxy */;
		};
/* End PBXTargetDependency section */

/* Begin PBXVariantGroup section */
		4343CC732113F3EC0082456A /* Main.storyboard */ = {
			isa = PBXVariantGroup;
			children = (
				4343CC742113F3EC0082456A /* Base */,
			);
			name = Main.storyboard;
			sourceTree = "<group>";
		};
		4343CC782113F3EF0082456A /* LaunchScreen.storyboard */ = {
			isa = PBXVariantGroup;
			children = (
				4343CC792113F3EF0082456A /* Base */,
			);
			name = LaunchScreen.storyboard;
			sourceTree = "<group>";
		};
/* End PBXVariantGroup section */

/* Begin XCBuildConfiguration section */
		4343CC922113F3EF0082456A /* Debug */ = {
			isa = XCBuildConfiguration;
			buildSettings = {
				ALWAYS_SEARCH_USER_PATHS = NO;
				CLANG_ANALYZER_NONNULL = YES;
				CLANG_ANALYZER_NUMBER_OBJECT_CONVERSION = YES_AGGRESSIVE;
				CLANG_CXX_LANGUAGE_STANDARD = "gnu++14";
				CLANG_CXX_LIBRARY = "libc++";
				CLANG_ENABLE_MODULES = YES;
				CLANG_ENABLE_OBJC_ARC = YES;
				CLANG_ENABLE_OBJC_WEAK = YES;
				CLANG_WARN_BLOCK_CAPTURE_AUTORELEASING = YES;
				CLANG_WARN_BOOL_CONVERSION = YES;
				CLANG_WARN_COMMA = YES;
				CLANG_WARN_CONSTANT_CONVERSION = YES;
				CLANG_WARN_DEPRECATED_OBJC_IMPLEMENTATIONS = YES;
				CLANG_WARN_DIRECT_OBJC_ISA_USAGE = YES_ERROR;
				CLANG_WARN_DOCUMENTATION_COMMENTS = YES;
				CLANG_WARN_EMPTY_BODY = YES;
				CLANG_WARN_ENUM_CONVERSION = YES;
				CLANG_WARN_INFINITE_RECURSION = YES;
				CLANG_WARN_INT_CONVERSION = YES;
				CLANG_WARN_NON_LITERAL_NULL_CONVERSION = YES;
				CLANG_WARN_OBJC_IMPLICIT_RETAIN_SELF = YES;
				CLANG_WARN_OBJC_LITERAL_CONVERSION = YES;
				CLANG_WARN_OBJC_ROOT_CLASS = YES_ERROR;
				CLANG_WARN_RANGE_LOOP_ANALYSIS = YES;
				CLANG_WARN_STRICT_PROTOTYPES = YES;
				CLANG_WARN_SUSPICIOUS_MOVE = YES;
				CLANG_WARN_UNGUARDED_AVAILABILITY = YES_AGGRESSIVE;
				CLANG_WARN_UNREACHABLE_CODE = YES;
				CLANG_WARN__DUPLICATE_METHOD_MATCH = YES;
				CODE_SIGN_IDENTITY = "iPhone Developer";
				COPY_PHASE_STRIP = NO;
				DEBUG_INFORMATION_FORMAT = dwarf;
				ENABLE_STRICT_OBJC_MSGSEND = YES;
				ENABLE_TESTABILITY = YES;
				GCC_C_LANGUAGE_STANDARD = gnu11;
				GCC_DYNAMIC_NO_PIC = NO;
				GCC_NO_COMMON_BLOCKS = YES;
				GCC_OPTIMIZATION_LEVEL = 0;
				GCC_PREPROCESSOR_DEFINITIONS = (
					"DEBUG=1",
					"$(inherited)",
				);
				GCC_WARN_64_TO_32_BIT_CONVERSION = YES;
				GCC_WARN_ABOUT_RETURN_TYPE = YES_ERROR;
				GCC_WARN_UNDECLARED_SELECTOR = YES;
				GCC_WARN_UNINITIALIZED_AUTOS = YES_AGGRESSIVE;
				GCC_WARN_UNUSED_FUNCTION = YES;
				GCC_WARN_UNUSED_VARIABLE = YES;
				IPHONEOS_DEPLOYMENT_TARGET = 10.2;
				MTL_ENABLE_DEBUG_INFO = YES;
				ONLY_ACTIVE_ARCH = YES;
				SDKROOT = iphoneos;
				SWIFT_ACTIVE_COMPILATION_CONDITIONS = DEBUG;
				SWIFT_OPTIMIZATION_LEVEL = "-Onone";
			};
			name = Debug;
		};
		4343CC932113F3EF0082456A /* Release */ = {
			isa = XCBuildConfiguration;
			buildSettings = {
				ALWAYS_SEARCH_USER_PATHS = NO;
				CLANG_ANALYZER_NONNULL = YES;
				CLANG_ANALYZER_NUMBER_OBJECT_CONVERSION = YES_AGGRESSIVE;
				CLANG_CXX_LANGUAGE_STANDARD = "gnu++14";
				CLANG_CXX_LIBRARY = "libc++";
				CLANG_ENABLE_MODULES = YES;
				CLANG_ENABLE_OBJC_ARC = YES;
				CLANG_ENABLE_OBJC_WEAK = YES;
				CLANG_WARN_BLOCK_CAPTURE_AUTORELEASING = YES;
				CLANG_WARN_BOOL_CONVERSION = YES;
				CLANG_WARN_COMMA = YES;
				CLANG_WARN_CONSTANT_CONVERSION = YES;
				CLANG_WARN_DEPRECATED_OBJC_IMPLEMENTATIONS = YES;
				CLANG_WARN_DIRECT_OBJC_ISA_USAGE = YES_ERROR;
				CLANG_WARN_DOCUMENTATION_COMMENTS = YES;
				CLANG_WARN_EMPTY_BODY = YES;
				CLANG_WARN_ENUM_CONVERSION = YES;
				CLANG_WARN_INFINITE_RECURSION = YES;
				CLANG_WARN_INT_CONVERSION = YES;
				CLANG_WARN_NON_LITERAL_NULL_CONVERSION = YES;
				CLANG_WARN_OBJC_IMPLICIT_RETAIN_SELF = YES;
				CLANG_WARN_OBJC_LITERAL_CONVERSION = YES;
				CLANG_WARN_OBJC_ROOT_CLASS = YES_ERROR;
				CLANG_WARN_RANGE_LOOP_ANALYSIS = YES;
				CLANG_WARN_STRICT_PROTOTYPES = YES;
				CLANG_WARN_SUSPICIOUS_MOVE = YES;
				CLANG_WARN_UNGUARDED_AVAILABILITY = YES_AGGRESSIVE;
				CLANG_WARN_UNREACHABLE_CODE = YES;
				CLANG_WARN__DUPLICATE_METHOD_MATCH = YES;
				CODE_SIGN_IDENTITY = "iPhone Developer";
				COPY_PHASE_STRIP = NO;
				DEBUG_INFORMATION_FORMAT = "dwarf-with-dsym";
				ENABLE_NS_ASSERTIONS = NO;
				ENABLE_STRICT_OBJC_MSGSEND = YES;
				GCC_C_LANGUAGE_STANDARD = gnu11;
				GCC_NO_COMMON_BLOCKS = YES;
				GCC_WARN_64_TO_32_BIT_CONVERSION = YES;
				GCC_WARN_ABOUT_RETURN_TYPE = YES_ERROR;
				GCC_WARN_UNDECLARED_SELECTOR = YES;
				GCC_WARN_UNINITIALIZED_AUTOS = YES_AGGRESSIVE;
				GCC_WARN_UNUSED_FUNCTION = YES;
				GCC_WARN_UNUSED_VARIABLE = YES;
				IPHONEOS_DEPLOYMENT_TARGET = 10.2;
				MTL_ENABLE_DEBUG_INFO = NO;
				SDKROOT = iphoneos;
				SWIFT_COMPILATION_MODE = wholemodule;
				SWIFT_OPTIMIZATION_LEVEL = "-O";
				VALIDATE_PRODUCT = YES;
			};
			name = Release;
		};
		4343CC952113F3EF0082456A /* Debug */ = {
			isa = XCBuildConfiguration;
			buildSettings = {
				ASSETCATALOG_COMPILER_APPICON_NAME = AppIcon;
				CODE_SIGN_STYLE = Automatic;
				DEVELOPMENT_TEAM = W57FN2J6B2;
				INFOPLIST_FILE = "paySample-swift/Info.plist";
				IPHONEOS_DEPLOYMENT_TARGET = 10.2;
				LD_RUNPATH_SEARCH_PATHS = (
					"$(inherited)",
					"@executable_path/Frameworks",
				);
				PRODUCT_BUNDLE_IDENTIFIER = "com.jhseo.paySample-swift";
				PRODUCT_NAME = "$(TARGET_NAME)";
				SWIFT_VERSION = 4.0;
				TARGETED_DEVICE_FAMILY = "1,2";
			};
			name = Debug;
		};
		4343CC962113F3EF0082456A /* Release */ = {
			isa = XCBuildConfiguration;
			buildSettings = {
				ASSETCATALOG_COMPILER_APPICON_NAME = AppIcon;
				CODE_SIGN_STYLE = Automatic;
				DEVELOPMENT_TEAM = W57FN2J6B2;
				INFOPLIST_FILE = "paySample-swift/Info.plist";
				IPHONEOS_DEPLOYMENT_TARGET = 10.2;
				LD_RUNPATH_SEARCH_PATHS = (
					"$(inherited)",
					"@executable_path/Frameworks",
				);
				PRODUCT_BUNDLE_IDENTIFIER = "com.jhseo.paySample-swift";
				PRODUCT_NAME = "$(TARGET_NAME)";
				SWIFT_VERSION = 4.0;
				TARGETED_DEVICE_FAMILY = "1,2";
			};
			name = Release;
		};
		4343CC982113F3EF0082456A /* Debug */ = {
			isa = XCBuildConfiguration;
			buildSettings = {
				ALWAYS_EMBED_SWIFT_STANDARD_LIBRARIES = YES;
				BUNDLE_LOADER = "$(TEST_HOST)";
				CODE_SIGN_STYLE = Automatic;
				DEVELOPMENT_TEAM = W57FN2J6B2;
				INFOPLIST_FILE = "paySample-swiftTests/Info.plist";
				LD_RUNPATH_SEARCH_PATHS = (
					"$(inherited)",
					"@executable_path/Frameworks",
					"@loader_path/Frameworks",
				);
				PRODUCT_BUNDLE_IDENTIFIER = "com.jhseo.paySample-swiftTests";
				PRODUCT_NAME = "$(TARGET_NAME)";
				SWIFT_VERSION = 4.0;
				TARGETED_DEVICE_FAMILY = "1,2";
				TEST_HOST = "$(BUILT_PRODUCTS_DIR)/paySample-swift.app/paySample-swift";
			};
			name = Debug;
		};
		4343CC992113F3EF0082456A /* Release */ = {
			isa = XCBuildConfiguration;
			buildSettings = {
				ALWAYS_EMBED_SWIFT_STANDARD_LIBRARIES = YES;
				BUNDLE_LOADER = "$(TEST_HOST)";
				CODE_SIGN_STYLE = Automatic;
				DEVELOPMENT_TEAM = W57FN2J6B2;
				INFOPLIST_FILE = "paySample-swiftTests/Info.plist";
				LD_RUNPATH_SEARCH_PATHS = (
					"$(inherited)",
					"@executable_path/Frameworks",
					"@loader_path/Frameworks",
				);
				PRODUCT_BUNDLE_IDENTIFIER = "com.jhseo.paySample-swiftTests";
				PRODUCT_NAME = "$(TARGET_NAME)";
				SWIFT_VERSION = 4.0;
				TARGETED_DEVICE_FAMILY = "1,2";
				TEST_HOST = "$(BUILT_PRODUCTS_DIR)/paySample-swift.app/paySample-swift";
			};
			name = Release;
		};
		4343CC9B2113F3EF0082456A /* Debug */ = {
			isa = XCBuildConfiguration;
			buildSettings = {
				ALWAYS_EMBED_SWIFT_STANDARD_LIBRARIES = YES;
				CODE_SIGN_STYLE = Automatic;
				DEVELOPMENT_TEAM = W57FN2J6B2;
				INFOPLIST_FILE = "paySample-swiftUITests/Info.plist";
				LD_RUNPATH_SEARCH_PATHS = (
					"$(inherited)",
					"@executable_path/Frameworks",
					"@loader_path/Frameworks",
				);
				PRODUCT_BUNDLE_IDENTIFIER = "com.jhseo.paySample-swiftUITests";
				PRODUCT_NAME = "$(TARGET_NAME)";
				SWIFT_VERSION = 4.0;
				TARGETED_DEVICE_FAMILY = "1,2";
				TEST_TARGET_NAME = "paySample-swift";
			};
			name = Debug;
		};
		4343CC9C2113F3EF0082456A /* Release */ = {
			isa = XCBuildConfiguration;
			buildSettings = {
				ALWAYS_EMBED_SWIFT_STANDARD_LIBRARIES = YES;
				CODE_SIGN_STYLE = Automatic;
				DEVELOPMENT_TEAM = W57FN2J6B2;
				INFOPLIST_FILE = "paySample-swiftUITests/Info.plist";
				LD_RUNPATH_SEARCH_PATHS = (
					"$(inherited)",
					"@executable_path/Frameworks",
					"@loader_path/Frameworks",
				);
				PRODUCT_BUNDLE_IDENTIFIER = "com.jhseo.paySample-swiftUITests";
				PRODUCT_NAME = "$(TARGET_NAME)";
				SWIFT_VERSION = 4.0;
				TARGETED_DEVICE_FAMILY = "1,2";
				TEST_TARGET_NAME = "paySample-swift";
			};
			name = Release;
		};
/* End XCBuildConfiguration section */

/* Begin XCConfigurationList section */
		4343CC672113F3EC0082456A /* Build configuration list for PBXProject "paySample-swift" */ = {
			isa = XCConfigurationList;
			buildConfigurations = (
				4343CC922113F3EF0082456A /* Debug */,
				4343CC932113F3EF0082456A /* Release */,
			);
			defaultConfigurationIsVisible = 0;
			defaultConfigurationName = Debug;
		};
		4343CC942113F3EF0082456A /* Build configuration list for PBXNativeTarget "paySample-swift" */ = {
			isa = XCConfigurationList;
			buildConfigurations = (
				4343CC952113F3EF0082456A /* Debug */,
				4343CC962113F3EF0082456A /* Release */,
			);
			defaultConfigurationIsVisible = 0;
			defaultConfigurationName = Debug;
		};
		4343CC972113F3EF0082456A /* Build configuration list for PBXNativeTarget "paySample-swiftTests" */ = {
			isa = XCConfigurationList;
			buildConfigurations = (
				4343CC982113F3EF0082456A /* Debug */,
				4343CC992113F3EF0082456A /* Release */,
			);
			defaultConfigurationIsVisible = 0;
			defaultConfigurationName = Debug;
		};
		4343CC9A2113F3EF0082456A /* Build configuration list for PBXNativeTarget "paySample-swiftUITests" */ = {
			isa = XCConfigurationList;
			buildConfigurations = (
				4343CC9B2113F3EF0082456A /* Debug */,
				4343CC9C2113F3EF0082456A /* Release */,
			);
			defaultConfigurationIsVisible = 0;
			defaultConfigurationName = Debug;
		};
/* End XCConfigurationList section */
	};
	rootObject = 4343CC642113F3EC0082456A /* Project object */;
}
